// !$*UTF8*$!
{
	archiveVersion = 1;
	classes = {
	};
	objectVersion = 48;
	objects = {

/* Begin PBXBuildFile section */
		EBB5CFC21F291E6600F1A81E /* AppDelegate.swift in Sources */ = {isa = PBXBuildFile; fileRef = EBB5CFC11F291E6600F1A81E /* AppDelegate.swift */; };
		EBB5CFC41F291E6600F1A81E /* ViewController.swift in Sources */ = {isa = PBXBuildFile; fileRef = EBB5CFC31F291E6600F1A81E /* ViewController.swift */; };
		EBB5CFC71F291E6600F1A81E /* Main.storyboard in Resources */ = {isa = PBXBuildFile; fileRef = EBB5CFC51F291E6600F1A81E /* Main.storyboard */; };
		EBB5CFC91F291E6600F1A81E /* Assets.xcassets in Resources */ = {isa = PBXBuildFile; fileRef = EBB5CFC81F291E6600F1A81E /* Assets.xcassets */; };
		EBB5CFCC1F291E6600F1A81E /* LaunchScreen.storyboard in Resources */ = {isa = PBXBuildFile; fileRef = EBB5CFCA1F291E6600F1A81E /* LaunchScreen.storyboard */; };
/* End PBXBuildFile section */

/* Begin PBXFileReference section */
		EBB5CFBE1F291E6600F1A81E /* Swift 4 Fun.app */ = {isa = PBXFileReference; explicitFileType = wrapper.application; includeInIndex = 0; path = "Swift 4 Fun.app"; sourceTree = BUILT_PRODUCTS_DIR; };
		EBB5CFC11F291E6600F1A81E /* AppDelegate.swift */ = {isa = PBXFileReference; lastKnownFileType = sourcecode.swift; path = AppDelegate.swift; sourceTree = "<group>"; };
		EBB5CFC31F291E6600F1A81E /* ViewController.swift */ = {isa = PBXFileReference; lastKnownFileType = sourcecode.swift; path = ViewController.swift; sourceTree = "<group>"; };
		EBB5CFC61F291E6600F1A81E /* Base */ = {isa = PBXFileReference; lastKnownFileType = file.storyboard; name = Base; path = Base.lproj/Main.storyboard; sourceTree = "<group>"; };
		EBB5CFC81F291E6600F1A81E /* Assets.xcassets */ = {isa = PBXFileReference; lastKnownFileType = folder.assetcatalog; path = Assets.xcassets; sourceTree = "<group>"; };
		EBB5CFCB1F291E6600F1A81E /* Base */ = {isa = PBXFileReference; lastKnownFileType = file.storyboard; name = Base; path = Base.lproj/LaunchScreen.storyboard; sourceTree = "<group>"; };
		EBB5CFCD1F291E6600F1A81E /* Info.plist */ = {isa = PBXFileReference; lastKnownFileType = text.plist.xml; path = Info.plist; sourceTree = "<group>"; };
/* End PBXFileReference section */

/* Begin PBXFrameworksBuildPhase section */
		EBB5CFBB1F291E6600F1A81E /* Frameworks */ = {
			isa = PBXFrameworksBuildPhase;
			buildActionMask = 2147483647;
			files = (
			);
			runOnlyForDeploymentPostprocessing = 0;
		};
/* End PBXFrameworksBuildPhase section */

/* Begin PBXGroup section */
		EBB5CFB51F291E6600F1A81E = {
			isa = PBXGroup;
			children = (
				EBB5CFC01F291E6600F1A81E /* Swift 4 Fun */,
				EBB5CFBF1F291E6600F1A81E /* Products */,
			);
			sourceTree = "<group>";
		};
		EBB5CFBF1F291E6600F1A81E /* Products */ = {
			isa = PBXGroup;
			children = (
				EBB5CFBE1F291E6600F1A81E /* Swift 4 Fun.app */,
			);
			name = Products;
			sourceTree = "<group>";
		};
		EBB5CFC01F291E6600F1A81E /* Swift 4 Fun */ = {
			isa = PBXGroup;
			children = (
				EBB5CFC11F291E6600F1A81E /* AppDelegate.swift */,
				EBB5CFC31F291E6600F1A81E /* ViewController.swift */,
				EBB5CFC51F291E6600F1A81E /* Main.storyboard */,
				EBB5CFC81F291E6600F1A81E /* Assets.xcassets */,
				EBB5CFCA1F291E6600F1A81E /* LaunchScreen.storyboard */,
				EBB5CFCD1F291E6600F1A81E /* Info.plist */,
			);
			path = "Swift 4 Fun";
			sourceTree = "<group>";
		};
/* End PBXGroup section */

/* Begin PBXNativeTarget section */
		EBB5CFBD1F291E6600F1A81E /* Swift 4 Fun */ = {
			isa = PBXNativeTarget;
			buildConfigurationList = EBB5CFD01F291E6600F1A81E /* Build configuration list for PBXNativeTarget "Swift 4 Fun" */;
			buildPhases = (
				EBB5CFBA1F291E6600F1A81E /* Sources */,
				EBB5CFBB1F291E6600F1A81E /* Frameworks */,
				EBB5CFBC1F291E6600F1A81E /* Resources */,
			);
			buildRules = (
			);
			dependencies = (
			);
			name = "Swift 4 Fun";
			productName = "Swift 4 Fun";
			productReference = EBB5CFBE1F291E6600F1A81E /* Swift 4 Fun.app */;
			productType = "com.apple.product-type.application";
		};
/* End PBXNativeTarget section */

/* Begin PBXProject section */
		EBB5CFB61F291E6600F1A81E /* Project object */ = {
			isa = PBXProject;
			attributes = {
				LastSwiftUpdateCheck = 0900;
				LastUpgradeCheck = 0900;
				ORGANIZATIONNAME = "Todd Clark";
				TargetAttributes = {
					EBB5CFBD1F291E6600F1A81E = {
						CreatedOnToolsVersion = 9.0;
					};
				};
			};
			buildConfigurationList = EBB5CFB91F291E6600F1A81E /* Build configuration list for PBXProject "Swift 4 Fun" */;
			compatibilityVersion = "Xcode 8.0";
			developmentRegion = en;
			hasScannedForEncodings = 0;
			knownRegions = (
				en,
				Base,
			);
			mainGroup = EBB5CFB51F291E6600F1A81E;
			productRefGroup = EBB5CFBF1F291E6600F1A81E /* Products */;
			projectDirPath = "";
			projectRoot = "";
			targets = (
				EBB5CFBD1F291E6600F1A81E /* Swift 4 Fun */,
			);
		};
/* End PBXProject section */

/* Begin PBXResourcesBuildPhase section */
		EBB5CFBC1F291E6600F1A81E /* Resources */ = {
			isa = PBXResourcesBuildPhase;
			buildActionMask = 2147483647;
			files = (
				EBB5CFCC1F291E6600F1A81E /* LaunchScreen.storyboard in Resources */,
				EBB5CFC91F291E6600F1A81E /* Assets.xcassets in Resources */,
				EBB5CFC71F291E6600F1A81E /* Main.storyboard in Resources */,
			);
			runOnlyForDeploymentPostprocessing = 0;
		};
/* End PBXResourcesBuildPhase section */

/* Begin PBXSourcesBuildPhase section */
		EBB5CFBA1F291E6600F1A81E /* Sources */ = {
			isa = PBXSourcesBuildPhase;
			buildActionMask = 2147483647;
			files = (
				EBB5CFC41F291E6600F1A81E /* ViewController.swift in Sources */,
				EBB5CFC21F291E6600F1A81E /* AppDelegate.swift in Sources */,
			);
			runOnlyForDeploymentPostprocessing = 0;
		};
/* End PBXSourcesBuildPhase section */

/* Begin PBXVariantGroup section */
		EBB5CFC51F291E6600F1A81E /* Main.storyboard */ = {
			isa = PBXVariantGroup;
			children = (
				EBB5CFC61F291E6600F1A81E /* Base */,
			);
			name = Main.storyboard;
			sourceTree = "<group>";
		};
		EBB5CFCA1F291E6600F1A81E /* LaunchScreen.storyboard */ = {
			isa = PBXVariantGroup;
			children = (
				EBB5CFCB1F291E6600F1A81E /* Base */,
			);
			name = LaunchScreen.storyboard;
			sourceTree = "<group>";
		};
/* End PBXVariantGroup section */

/* Begin XCBuildConfiguration section */
		EBB5CFCE1F291E6600F1A81E /* Debug */ = {
			isa = XCBuildConfiguration;
			buildSettings = {
				ALWAYS_SEARCH_USER_PATHS = NO;
				CLANG_ANALYZER_NONNULL = YES;
				CLANG_ANALYZER_NUMBER_OBJECT_CONVERSION = YES_AGGRESSIVE;
				CLANG_CXX_LANGUAGE_STANDARD = "gnu++14";
				CLANG_CXX_LIBRARY = "libc++";
				CLANG_ENABLE_MODULES = YES;
				CLANG_ENABLE_OBJC_ARC = YES;
				CLANG_WARN_BLOCK_CAPTURE_AUTORELEASING = YES;
				CLANG_WARN_BOOL_CONVERSION = YES;
				CLANG_WARN_COMMA = YES;
				CLANG_WARN_CONSTANT_CONVERSION = YES;
				CLANG_WARN_DIRECT_OBJC_ISA_USAGE = YES_ERROR;
				CLANG_WARN_DOCUMENTATION_COMMENTS = YES;
				CLANG_WARN_EMPTY_BODY = YES;
				CLANG_WARN_ENUM_CONVERSION = YES;
				CLANG_WARN_INFINITE_RECURSION = YES;
				CLANG_WARN_INT_CONVERSION = YES;
				CLANG_WARN_NON_LITERAL_NULL_CONVERSION = YES;
				CLANG_WARN_OBJC_LITERAL_CONVERSION = YES;
				CLANG_WARN_OBJC_ROOT_CLASS = YES_ERROR;
				CLANG_WARN_RANGE_LOOP_ANALYSIS = YES;
				CLANG_WARN_STRICT_PROTOTYPES = YES;
				CLANG_WARN_SUSPICIOUS_MOVE = YES;
				CLANG_WARN_UNGUARDED_AVAILABILITY = YES_AGGRESSIVE;
				CLANG_WARN_UNREACHABLE_CODE = YES;
				CLANG_WARN__DUPLICATE_METHOD_MATCH = YES;
				CODE_SIGN_IDENTITY = "iPhone Developer";
				COPY_PHASE_STRIP = NO;
				DEBUG_INFORMATION_FORMAT = dwarf;
				ENABLE_STRICT_OBJC_MSGSEND = YES;
				ENABLE_TESTABILITY = YES;
				GCC_C_LANGUAGE_STANDARD = gnu11;
				GCC_DYNAMIC_NO_PIC = NO;
				GCC_NO_COMMON_BLOCKS = YES;
				GCC_OPTIMIZATION_LEVEL = 0;
				GCC_PREPROCESSOR_DEFINITIONS = (
					"DEBUG=1",
					"$(inherited)",
				);
				GCC_WARN_64_TO_32_BIT_CONVERSION = YES;
				GCC_WARN_ABOUT_RETURN_TYPE = YES_ERROR;
				GCC_WARN_UNDECLARED_SELECTOR = YES;
				GCC_WARN_UNINITIALIZED_AUTOS = YES_AGGRESSIVE;
				GCC_WARN_UNUSED_FUNCTION = YES;
				GCC_WARN_UNUSED_VARIABLE = YES;
				IPHONEOS_DEPLOYMENT_TARGET = 11.0;
				MTL_ENABLE_DEBUG_INFO = YES;
				ONLY_ACTIVE_ARCH = YES;
				SDKROOT = iphoneos;
				SWIFT_ACTIVE_COMPILATION_CONDITIONS = DEBUG;
				SWIFT_OPTIMIZATION_LEVEL = "-Onone";
			};
			name = Debug;
		};
		EBB5CFCF1F291E6600F1A81E /* Release */ = {
			isa = XCBuildConfiguration;
			buildSettings = {
				ALWAYS_SEARCH_USER_PATHS = NO;
				CLANG_ANALYZER_NONNULL = YES;
				CLANG_ANALYZER_NUMBER_OBJECT_CONVERSION = YES_AGGRESSIVE;
				CLANG_CXX_LANGUAGE_STANDARD = "gnu++14";
				CLANG_CXX_LIBRARY = "libc++";
				CLANG_ENABLE_MODULES = YES;
				CLANG_ENABLE_OBJC_ARC = YES;
				CLANG_WARN_BLOCK_CAPTURE_AUTORELEASING = YES;
				CLANG_WARN_BOOL_CONVERSION = YES;
				CLANG_WARN_COMMA = YES;
				CLANG_WARN_CONSTANT_CONVERSION = YES;
				CLANG_WARN_DIRECT_OBJC_ISA_USAGE = YES_ERROR;
				CLANG_WARN_DOCUMENTATION_COMMENTS = YES;
				CLANG_WARN_EMPTY_BODY = YES;
				CLANG_WARN_ENUM_CONVERSION = YES;
				CLANG_WARN_INFINITE_RECURSION = YES;
				CLANG_WARN_INT_CONVERSION = YES;
				CLANG_WARN_NON_LITERAL_NULL_CONVERSION = YES;
				CLANG_WARN_OBJC_LITERAL_CONVERSION = YES;
				CLANG_WARN_OBJC_ROOT_CLASS = YES_ERROR;
				CLANG_WARN_RANGE_LOOP_ANALYSIS = YES;
				CLANG_WARN_STRICT_PROTOTYPES = YES;
				CLANG_WARN_SUSPICIOUS_MOVE = YES;
				CLANG_WARN_UNGUARDED_AVAILABILITY = YES_AGGRESSIVE;
				CLANG_WARN_UNREACHABLE_CODE = YES;
				CLANG_WARN__DUPLICATE_METHOD_MATCH = YES;
				CODE_SIGN_IDENTITY = "iPhone Developer";
				COPY_PHASE_STRIP = NO;
				DEBUG_INFORMATION_FORMAT = "dwarf-with-dsym";
				ENABLE_NS_ASSERTIONS = NO;
				ENABLE_STRICT_OBJC_MSGSEND = YES;
				GCC_C_LANGUAGE_STANDARD = gnu11;
				GCC_NO_COMMON_BLOCKS = YES;
				GCC_WARN_64_TO_32_BIT_CONVERSION = YES;
				GCC_WARN_ABOUT_RETURN_TYPE = YES_ERROR;
				GCC_WARN_UNDECLARED_SELECTOR = YES;
				GCC_WARN_UNINITIALIZED_AUTOS = YES_AGGRESSIVE;
				GCC_WARN_UNUSED_FUNCTION = YES;
				GCC_WARN_UNUSED_VARIABLE = YES;
				IPHONEOS_DEPLOYMENT_TARGET = 11.0;
				MTL_ENABLE_DEBUG_INFO = NO;
				SDKROOT = iphoneos;
				SWIFT_OPTIMIZATION_LEVEL = "-Owholemodule";
				VALIDATE_PRODUCT = YES;
			};
			name = Release;
		};
		EBB5CFD11F291E6600F1A81E /* Debug */ = {
			isa = XCBuildConfiguration;
			buildSettings = {
				ASSETCATALOG_COMPILER_APPICON_NAME = AppIcon;
				DEVELOPMENT_TEAM = 8S993G52QS;
				INFOPLIST_FILE = "Swift 4 Fun/Info.plist";
				LD_RUNPATH_SEARCH_PATHS = "$(inherited) @executable_path/Frameworks";
				PRODUCT_BUNDLE_IDENTIFIER = "com.enygmaticapps.Swift-4-Fun";
				PRODUCT_NAME = "$(TARGET_NAME)";
				SWIFT_VERSION = 4.0;
				TARGETED_DEVICE_FAMILY = "1,2";
			};
			name = Debug;
		};
		EBB5CFD21F291E6600F1A81E /* Release */ = {
			isa = XCBuildConfiguration;
			buildSettings = {
				ASSETCATALOG_COMPILER_APPICON_NAME = AppIcon;
				DEVELOPMENT_TEAM = 8S993G52QS;
				INFOPLIST_FILE = "Swift 4 Fun/Info.plist";
				LD_RUNPATH_SEARCH_PATHS = "$(inherited) @executable_path/Frameworks";
				PRODUCT_BUNDLE_IDENTIFIER = "com.enygmaticapps.Swift-4-Fun";
				PRODUCT_NAME = "$(TARGET_NAME)";
				SWIFT_VERSION = 4.0;
				TARGETED_DEVICE_FAMILY = "1,2";
			};
			name = Release;
		};
/* End XCBuildConfiguration section */

/* Begin XCConfigurationList section */
		EBB5CFB91F291E6600F1A81E /* Build configuration list for PBXProject "Swift 4 Fun" */ = {
			isa = XCConfigurationList;
			buildConfigurations = (
				EBB5CFCE1F291E6600F1A81E /* Debug */,
				EBB5CFCF1F291E6600F1A81E /* Release */,
			);
			defaultConfigurationIsVisible = 0;
			defaultConfigurationName = Release;
		};
		EBB5CFD01F291E6600F1A81E /* Build configuration list for PBXNativeTarget "Swift 4 Fun" */ = {
			isa = XCConfigurationList;
			buildConfigurations = (
				EBB5CFD11F291E6600F1A81E /* Debug */,
				EBB5CFD21F291E6600F1A81E /* Release */,
			);
			defaultConfigurationIsVisible = 0;
			defaultConfigurationName = Release;
		};
/* End XCConfigurationList section */
	};
	rootObject = EBB5CFB61F291E6600F1A81E /* Project object */;
}
